
Microsoft Visual Studio Solution File, Format Version 12.00
# Visual Studio 15
VisualStudioVersion = 15.0.26430.14
MinimumVisualStudioVersion = 10.0.40219.1
Project("{FAE04EC0-301F-11D3-BF4B-00C04F79EFBC}") = "BGService", "BGService\BGService.csproj", "{252EE206-173D-4390-8AA9-E31D0F91E120}"
EndProject
Project("{FAE04EC0-301F-11D3-BF4B-00C04F79EFBC}") = "BGShared", "BGShared\BGShared.csproj", "{27649024-4AC7-473F-8B42-70E7413CDA2A}"
EndProject
Project("{FAE04EC0-301F-11D3-BF4B-00C04F79EFBC}") = "BGUtil", "BGUtil\BGUtil.csproj", "{436F3BF1-1B98-4B14-9B14-EA4B93E5D4C8}"
EndProject
Project("{FAE04EC0-301F-11D3-BF4B-00C04F79EFBC}") = "BGTester", "BGTester\BGTester.csproj", "{829F71A1-C8E9-47BF-ACA1-4E3ECE5E7E4A}"
EndProject
Global
	GlobalSection(SolutionConfigurationPlatforms) = preSolution
		Debug|Any CPU = Debug|Any CPU
		Release|Any CPU = Release|Any CPU
	EndGlobalSection
	GlobalSection(ProjectConfigurationPlatforms) = postSolution
		{252EE206-173D-4390-8AA9-E31D0F91E120}.Debug|Any CPU.ActiveCfg = Debug|Any CPU
		{252EE206-173D-4390-8AA9-E31D0F91E120}.Debug|Any CPU.Build.0 = Debug|Any CPU
		{252EE206-173D-4390-8AA9-E31D0F91E120}.Release|Any CPU.ActiveCfg = Release|Any CPU
		{252EE206-173D-4390-8AA9-E31D0F91E120}.Release|Any CPU.Build.0 = Release|Any CPU
		{27649024-4AC7-473F-8B42-70E7413CDA2A}.Debug|Any CPU.ActiveCfg = Debug|Any CPU
		{27649024-4AC7-473F-8B42-70E7413CDA2A}.Debug|Any CPU.Build.0 = Debug|Any CPU
		{27649024-4AC7-473F-8B42-70E7413CDA2A}.Release|Any CPU.ActiveCfg = Release|Any CPU
		{27649024-4AC7-473F-8B42-70E7413CDA2A}.Release|Any CPU.Build.0 = Release|Any CPU
		{436F3BF1-1B98-4B14-9B14-EA4B93E5D4C8}.Debug|Any CPU.ActiveCfg = Debug|Any CPU
		{436F3BF1-1B98-4B14-9B14-EA4B93E5D4C8}.Debug|Any CPU.Build.0 = Debug|Any CPU
		{436F3BF1-1B98-4B14-9B14-EA4B93E5D4C8}.Release|Any CPU.ActiveCfg = Release|Any CPU
		{436F3BF1-1B98-4B14-9B14-EA4B93E5D4C8}.Release|Any CPU.Build.0 = Release|Any CPU
		{829F71A1-C8E9-47BF-ACA1-4E3ECE5E7E4A}.Debug|Any CPU.ActiveCfg = Debug|Any CPU
		{829F71A1-C8E9-47BF-ACA1-4E3ECE5E7E4A}.Debug|Any CPU.Build.0 = Debug|Any CPU
		{829F71A1-C8E9-47BF-ACA1-4E3ECE5E7E4A}.Release|Any CPU.ActiveCfg = Release|Any CPU
		{829F71A1-C8E9-47BF-ACA1-4E3ECE5E7E4A}.Release|Any CPU.Build.0 = Release|Any CPU
	EndGlobalSection
	GlobalSection(SolutionProperties) = preSolution
		HideSolutionNode = FALSE
	EndGlobalSection
EndGlobal
